
Microsoft Visual Studio Solution File, Format Version 12.00
# Visual Studio Version 17
VisualStudioVersion = 17.3.32819.101
MinimumVisualStudioVersion = 10.0.40219.1
Project("{FAE04EC0-301F-11D3-BF4B-00C04F79EFBC}") = "QLBanBalo", "QLBanBalo\QLBanBalo.csproj", "{B0777E00-6F84-4814-B0E7-079BBB8B63EE}"
EndProject
Global
	GlobalSection(SolutionConfigurationPlatforms) = preSolution
		Debug|Any CPU = Debug|Any CPU
		Release|Any CPU = Release|Any CPU
	EndGlobalSection
	GlobalSection(ProjectConfigurationPlatforms) = postSolution
		{B0777E00-6F84-4814-B0E7-079BBB8B63EE}.Debug|Any CPU.ActiveCfg = Debug|Any CPU
		{B0777E00-6F84-4814-B0E7-079BBB8B63EE}.Debug|Any CPU.Build.0 = Debug|Any CPU
		{B0777E00-6F84-4814-B0E7-079BBB8B63EE}.Release|Any CPU.ActiveCfg = Release|Any CPU
		{B0777E00-6F84-4814-B0E7-079BBB8B63EE}.Release|Any CPU.Build.0 = Release|Any CPU
	EndGlobalSection
	GlobalSection(SolutionProperties) = preSolution
		HideSolutionNode = FALSE
	EndGlobalSection
	GlobalSection(ExtensibilityGlobals) = postSolution
		SolutionGuid = {0B728FFD-FAC4-463B-9718-7909AAAE84EC}
	EndGlobalSection
EndGlobal
